{
  "lockfileVersion": 1,
  "configVersion": 1,
  "workspaces": {
    "": {
      "name": "zsk-react-i18n",
      "dependencies": {
        "i18next": "^25.0.0",
        "react-i18next": "^16.0.0",
      },
      "devDependencies": {
        "@types/node": "^22.0.0",
        "@types/react": "^19.0.0",
        "oxfmt": "^0.40.0",
        "oxlint": "^0.17.0",
        "typescript": "^5.9.0",
      },
      "peerDependencies": {
        "react": "^19.0.0",
      },
    },
  },
  "packages": {
    "@babel/runtime": ["@babel/runtime@7.28.6", "", {}, "sha512-05WQkdpL9COIMz4LjTxGpPNCdlpyimKppYNoJ5Di5EUObifl8t4tuLuUBBZEpoLYOmfvIWrsp9fCl0HoPRVTdA=="],

    "@oxfmt/binding-android-arm-eabi": ["@oxfmt/binding-android-arm-eabi@0.40.0", "", { "os": "android", "cpu": "arm" }, "sha512-S6zd5r1w/HmqR8t0CTnGjFTBLDq2QKORPwriCHxo4xFNuhmOTABGjPaNvCJJVnrKBLsohOeiDX3YqQfJPF+FXw=="],

    "@oxfmt/binding-android-arm64": ["@oxfmt/binding-android-arm64@0.40.0", "", { "os": "android", "cpu": "arm64" }, "sha512-/mbS9UUP/5Vbl2D6osIdcYiP0oie63LKMoTyGj5hyMCK/SFkl3EhtyRAfdjPvuvHC0SXdW6ePaTKkBSq1SNcIw=="],

    "@oxfmt/binding-darwin-arm64": ["@oxfmt/binding-darwin-arm64@0.40.0", "", { "os": "darwin", "cpu": "arm64" }, "sha512-wRt8fRdfLiEhnRMBonlIbKrJWixoEmn6KCjKE9PElnrSDSXETGZfPb8ee+nQNTobXkCVvVLytp2o0obAsxl78Q=="],

    "@oxfmt/binding-darwin-x64": ["@oxfmt/binding-darwin-x64@0.40.0", "", { "os": "darwin", "cpu": "x64" }, "sha512-fzowhqbOE/NRy+AE5ob0+Y4X243WbWzDb00W+pKwD7d9tOqsAFbtWUwIyqqCoCLxj791m2xXIEeLH/3uz7zCCg=="],

    "@oxfmt/binding-freebsd-x64": ["@oxfmt/binding-freebsd-x64@0.40.0", "", { "os": "freebsd", "cpu": "x64" }, "sha512-agZ9ITaqdBjcerRRFEHB8s0OyVcQW8F9ZxsszjxzeSthQ4fcN2MuOtQFWec1ed8/lDa50jSLHVE2/xPmTgtCfQ=="],

    "@oxfmt/binding-linux-arm-gnueabihf": ["@oxfmt/binding-linux-arm-gnueabihf@0.40.0", "", { "os": "linux", "cpu": "arm" }, "sha512-ZM2oQ47p28TP1DVIp7HL1QoMUgqlBFHey0ksHct7tMXoU5BqjNvPWw7888azzMt25lnyPODVuye1wvNbvVUFOA=="],

    "@oxfmt/binding-linux-arm-musleabihf": ["@oxfmt/binding-linux-arm-musleabihf@0.40.0", "", { "os": "linux", "cpu": "arm" }, "sha512-RBFPAxRAIsMisKM47Oe6Lwdv6agZYLz02CUhVCD1sOv5ajAcRMrnwCFBPWwGXpazToW2mjnZxFos8TuFjTU15A=="],

    "@oxfmt/binding-linux-arm64-gnu": ["@oxfmt/binding-linux-arm64-gnu@0.40.0", "", { "os": "linux", "cpu": "arm64" }, "sha512-Nb2XbQ+wV3W2jSIihXdPj7k83eOxeSgYP3N/SRXvQ6ZYPIk6Q86qEh5Gl/7OitX3bQoQrESqm1yMLvZV8/J7dA=="],

    "@oxfmt/binding-linux-arm64-musl": ["@oxfmt/binding-linux-arm64-musl@0.40.0", "", { "os": "linux", "cpu": "arm64" }, "sha512-tGmWhLD/0YMotCdfezlT6tC/MJG/wKpo4vnQ3Cq+4eBk/BwNv7EmkD0VkD5F/dYkT3b8FNU01X2e8vvJuWoM1w=="],

    "@oxfmt/binding-linux-ppc64-gnu": ["@oxfmt/binding-linux-ppc64-gnu@0.40.0", "", { "os": "linux", "cpu": "ppc64" }, "sha512-rVbFyM3e7YhkVnp0IVYjaSHfrBWcTRWb60LEcdNAJcE2mbhTpbqKufx0FrhWfoxOrW/+7UJonAOShoFFLigDqQ=="],

    "@oxfmt/binding-linux-riscv64-gnu": ["@oxfmt/binding-linux-riscv64-gnu@0.40.0", "", { "os": "linux", "cpu": "none" }, "sha512-3ZqBw14JtWeEoLiioJcXSJz8RQyPE+3jLARnYM1HdPzZG4vk+Ua8CUupt2+d+vSAvMyaQBTN2dZK+kbBS/j5mA=="],

    "@oxfmt/binding-linux-riscv64-musl": ["@oxfmt/binding-linux-riscv64-musl@0.40.0", "", { "os": "linux", "cpu": "none" }, "sha512-JJ4PPSdcbGBjPvb+O7xYm2FmAsKCyuEMYhqatBAHMp/6TA6rVlf9Z/sYPa4/3Bommb+8nndm15SPFRHEPU5qFA=="],

    "@oxfmt/binding-linux-s390x-gnu": ["@oxfmt/binding-linux-s390x-gnu@0.40.0", "", { "os": "linux", "cpu": "s390x" }, "sha512-Kp0zNJoX9Ik77wUya2tpBY3W9f40VUoMQLWVaob5SgCrblH/t2xr/9B2bWHfs0WCefuGmqXcB+t0Lq77sbBmZw=="],

    "@oxfmt/binding-linux-x64-gnu": ["@oxfmt/binding-linux-x64-gnu@0.40.0", "", { "os": "linux", "cpu": "x64" }, "sha512-7YTCNzleWTaQTqNGUNQ66qVjpoV6DjbCOea+RnpMBly2bpzrI/uu7Rr+2zcgRfNxyjXaFTVQKaRKjqVdeUfeVA=="],

    "@oxfmt/binding-linux-x64-musl": ["@oxfmt/binding-linux-x64-musl@0.40.0", "", { "os": "linux", "cpu": "x64" }, "sha512-hWnSzJ0oegeOwfOEeejYXfBqmnRGHusgtHfCPzmvJvHTwy1s3Neo59UKc1CmpE3zxvrCzJoVHos0rr97GHMNPw=="],

    "@oxfmt/binding-openharmony-arm64": ["@oxfmt/binding-openharmony-arm64@0.40.0", "", { "os": "none", "cpu": "arm64" }, "sha512-28sJC1lR4qtBJGzSRRbPnSW3GxU2+4YyQFE6rCmsUYqZ5XYH8jg0/w+CvEzQ8TuAQz5zLkcA25nFQGwoU0PT3Q=="],

    "@oxfmt/binding-win32-arm64-msvc": ["@oxfmt/binding-win32-arm64-msvc@0.40.0", "", { "os": "win32", "cpu": "arm64" }, "sha512-cDkRnyT0dqwF5oIX1Cv59HKCeZQFbWWdUpXa3uvnHFT2iwYSSZspkhgjXjU6iDp5pFPaAEAe9FIbMoTgkTmKPg=="],

    "@oxfmt/binding-win32-ia32-msvc": ["@oxfmt/binding-win32-ia32-msvc@0.40.0", "", { "os": "win32", "cpu": "ia32" }, "sha512-7rPemBJjqm5Gkv6ZRCPvK8lE6AqQ/2z31DRdWazyx2ZvaSgL7QGofHXHNouRpPvNsT9yxRNQJgigsWkc+0qg4w=="],

    "@oxfmt/binding-win32-x64-msvc": ["@oxfmt/binding-win32-x64-msvc@0.40.0", "", { "os": "win32", "cpu": "x64" }, "sha512-/Zmj0yTYSvmha6TG1QnoLqVT7ZMRDqXvFXXBQpIjteEwx9qvUYMBH2xbiOFhDeMUJkGwC3D6fdKsFtaqUvkwNA=="],

    "@oxlint/darwin-arm64": ["@oxlint/darwin-arm64@0.17.0", "", { "os": "darwin", "cpu": "arm64" }, "sha512-py/N0yTMbdy5Kd1RFMMgFqzO5Qwc5MbHSCA0BvSx/GnC3n7yPstcEFSSdZzb+HaANI00xn4dwjYo6HVEFHhuWA=="],

    "@oxlint/darwin-x64": ["@oxlint/darwin-x64@0.17.0", "", { "os": "darwin", "cpu": "x64" }, "sha512-rQUFu6Ci8gmBHTgb2EMKYNZWCmBB8sSW7SAxBes9k0esonKsioDNjT51CsfKZhXyaMtaM70hiVhSCBc0NqUEJg=="],

    "@oxlint/linux-arm64-gnu": ["@oxlint/linux-arm64-gnu@0.17.0", "", { "os": "linux", "cpu": "arm64" }, "sha512-NoAWscdfVj6Sci3NdbHHc1OivSSKpwtkLff5SoAM8XgJ9t7flf+zW7XOy3OeSgZAxNbcF4QGruv+XcBLR7tWMA=="],

    "@oxlint/linux-arm64-musl": ["@oxlint/linux-arm64-musl@0.17.0", "", { "os": "linux", "cpu": "arm64" }, "sha512-VQRmSdbuc0rpSZoLqdhKJG9nUjJmEymOU60dO3lKlCT5YXME4dxA+jf1AigtnmJS5FgOxQm54ECF9lh6dyP0ew=="],

    "@oxlint/linux-x64-gnu": ["@oxlint/linux-x64-gnu@0.17.0", "", { "os": "linux", "cpu": "x64" }, "sha512-KcaXWkBfqt7weerU1EXJysEupEHB8AtJytufBOQMuLE5vx2OoAbjAk0vt2V14W8Lss9Sz+ET7nXo6ZAEku4vCA=="],

    "@oxlint/linux-x64-musl": ["@oxlint/linux-x64-musl@0.17.0", "", { "os": "linux", "cpu": "x64" }, "sha512-yWbFXWKKTrH4zR0FI1V6KDJp5NqOLFe1LZbKNeaoS1wtq5/aFPeM+d9dttGLoA5u6G9uhIK/nSnrPmtuNLPU4Q=="],

    "@oxlint/win32-arm64": ["@oxlint/win32-arm64@0.17.0", "", { "os": "win32", "cpu": "arm64" }, "sha512-zdoB3mbvcx3eGOh6ElPJ01S2MOzyZo/gijeHw7yb2PXcRis+3clVje6kpnG7/TN69zoHv7WwDX6poJu8FURTqg=="],

    "@oxlint/win32-x64": ["@oxlint/win32-x64@0.17.0", "", { "os": "win32", "cpu": "x64" }, "sha512-gxVYAOy/8IAWgmsaXDxRJvOr7l61DUDj6s7tXImzXqBAH/An6yJZGr1tR+5BsACVw/3hcCPOUbotXGS4+vZNZQ=="],

    "@types/node": ["@types/node@22.19.15", "", { "dependencies": { "undici-types": "~6.21.0" } }, "sha512-F0R/h2+dsy5wJAUe3tAU6oqa2qbWY5TpNfL/RGmo1y38hiyO1w3x2jPtt76wmuaJI4DQnOBu21cNXQ2STIUUWg=="],

    "@types/react": ["@types/react@19.2.14", "", { "dependencies": { "csstype": "^3.2.2" } }, "sha512-ilcTH/UniCkMdtexkoCN0bI7pMcJDvmQFPvuPvmEaYA/NSfFTAgdUSLAoVjaRJm7+6PvcM+q1zYOwS4wTYMF9w=="],

    "csstype": ["csstype@3.2.3", "", {}, "sha512-z1HGKcYy2xA8AGQfwrn0PAy+PB7X/GSj3UVJW9qKyn43xWa+gl5nXmU4qqLMRzWVLFC8KusUX8T/0kCiOYpAIQ=="],

    "html-parse-stringify": ["html-parse-stringify@3.0.1", "", { "dependencies": { "void-elements": "3.1.0" } }, "sha512-KknJ50kTInJ7qIScF3jeaFRpMpE8/lfiTdzf/twXyPBLAGrLRTmkz3AdTnKeh40X8k9L2fdYwEp/42WGXIRGcg=="],

    "i18next": ["i18next@25.8.18", "", { "dependencies": { "@babel/runtime": "^7.28.6" }, "peerDependencies": { "typescript": "^5" }, "optionalPeers": ["typescript"] }, "sha512-lzY5X83BiL5AP77+9DydbrqkQHFN9hUzWGjqjLpPcp5ZOzuu1aSoKaU3xbBLSjWx9dAzW431y+d+aogxOZaKRA=="],

    "oxfmt": ["oxfmt@0.40.0", "", { "dependencies": { "tinypool": "2.1.0" }, "optionalDependencies": { "@oxfmt/binding-android-arm-eabi": "0.40.0", "@oxfmt/binding-android-arm64": "0.40.0", "@oxfmt/binding-darwin-arm64": "0.40.0", "@oxfmt/binding-darwin-x64": "0.40.0", "@oxfmt/binding-freebsd-x64": "0.40.0", "@oxfmt/binding-linux-arm-gnueabihf": "0.40.0", "@oxfmt/binding-linux-arm-musleabihf": "0.40.0", "@oxfmt/binding-linux-arm64-gnu": "0.40.0", "@oxfmt/binding-linux-arm64-musl": "0.40.0", "@oxfmt/binding-linux-ppc64-gnu": "0.40.0", "@oxfmt/binding-linux-riscv64-gnu": "0.40.0", "@oxfmt/binding-linux-riscv64-musl": "0.40.0", "@oxfmt/binding-linux-s390x-gnu": "0.40.0", "@oxfmt/binding-linux-x64-gnu": "0.40.0", "@oxfmt/binding-linux-x64-musl": "0.40.0", "@oxfmt/binding-openharmony-arm64": "0.40.0", "@oxfmt/binding-win32-arm64-msvc": "0.40.0", "@oxfmt/binding-win32-ia32-msvc": "0.40.0", "@oxfmt/binding-win32-x64-msvc": "0.40.0" }, "bin": { "oxfmt": "bin/oxfmt" } }, "sha512-g0C3I7xUj4b4DcagevM9kgH6+pUHytikxUcn3/VUkvzTNaaXBeyZqb7IBsHwojeXm4mTBEC/aBjBTMVUkZwWUQ=="],

    "oxlint": ["oxlint@0.17.0", "", { "optionalDependencies": { "@oxlint/darwin-arm64": "0.17.0", "@oxlint/darwin-x64": "0.17.0", "@oxlint/linux-arm64-gnu": "0.17.0", "@oxlint/linux-arm64-musl": "0.17.0", "@oxlint/linux-x64-gnu": "0.17.0", "@oxlint/linux-x64-musl": "0.17.0", "@oxlint/win32-arm64": "0.17.0", "@oxlint/win32-x64": "0.17.0" }, "bin": { "oxlint": "bin/oxlint", "oxc_language_server": "bin/oxc_language_server" } }, "sha512-LCXomDhPGbDUZ/T+ScFA0tjh7A5QgYwPRCw7XFlJxRD2URBV8wj2lLvepbQ9yS/Q6SGhVfHQMpziQytajl8NcQ=="],

    "react": ["react@19.2.4", "", {}, "sha512-9nfp2hYpCwOjAN+8TZFGhtWEwgvWHXqESH8qT89AT/lWklpLON22Lc8pEtnpsZz7VmawabSU0gCjnj8aC0euHQ=="],

    "react-i18next": ["react-i18next@16.5.8", "", { "dependencies": { "@babel/runtime": "^7.28.4", "html-parse-stringify": "^3.0.1", "use-sync-external-store": "^1.6.0" }, "peerDependencies": { "i18next": ">= 25.6.2", "react": ">= 16.8.0", "typescript": "^5" }, "optionalPeers": ["typescript"] }, "sha512-2ABeHHlakxVY+LSirD+OiERxFL6+zip0PaHo979bgwzeHg27Sqc82xxXWIrSFmfWX0ZkrvXMHwhsi/NGUf5VQg=="],

    "tinypool": ["tinypool@2.1.0", "", {}, "sha512-Pugqs6M0m7Lv1I7FtxN4aoyToKg1C4tu+/381vH35y8oENM/Ai7f7C4StcoK4/+BSw9ebcS8jRiVrORFKCALLw=="],

    "typescript": ["typescript@5.9.3", "", { "bin": { "tsc": "bin/tsc", "tsserver": "bin/tsserver" } }, "sha512-jl1vZzPDinLr9eUt3J/t7V6FgNEw9QjvBPdysz9KfQDD41fQrC2Y4vKQdiaUpFT4bXlb1RHhLpp8wtm6M5TgSw=="],

    "undici-types": ["undici-types@6.21.0", "", {}, "sha512-iwDZqg0QAGrg9Rav5H4n0M64c3mkR59cJ6wQp+7C4nI0gsmExaedaYLNO44eT4AtBBwjbTiGPMlt2Md0T9H9JQ=="],

    "use-sync-external-store": ["use-sync-external-store@1.6.0", "", { "peerDependencies": { "react": "^16.8.0 || ^17.0.0 || ^18.0.0 || ^19.0.0" } }, "sha512-Pp6GSwGP/NrPIrxVFAIkOQeyw8lFenOHijQWkUTrDvrF4ALqylP2C/KCkeS9dpUM3KvYRQhna5vt7IL95+ZQ9w=="],

    "void-elements": ["void-elements@3.1.0", "", {}, "sha512-Dhxzh5HZuiHQhbvTW9AMetFfBHDMYpo23Uo9btPXgdYP+3T5S+p+jgNy7spra+veYhBP2dCSgxR/i2Y02h5/6w=="],
  }
}
